
Microsoft Visual Studio Solution File, Format Version 12.00
# Visual Studio 15
Project("{FAE04EC0-301F-11D3-BF4B-00C04F79EFBC}") = "ARONE", "ARONE.csproj", "{0E0C58AB-00A3-3B90-0FDA-57717277FA9A}"
EndProject
Project("{FAE04EC0-301F-11D3-BF4B-00C04F79EFBC}") = "ARONE.Plugins", "ARONE.Plugins.csproj", "{717AF832-F385-5662-E9E7-0CDEAB0BACDB}"
EndProject
Project("{FAE04EC0-301F-11D3-BF4B-00C04F79EFBC}") = "ARONE.Editor", "ARONE.Editor.csproj", "{1EB1332B-2FFB-44C4-4E82-955C4B9CC24C}"
EndProject
Global
	GlobalSection(SolutionConfigurationPlatforms) = preSolution
		Debug|Any CPU = Debug|Any CPU
		Release|Any CPU = Release|Any CPU
	EndGlobalSection
	GlobalSection(ProjectConfigurationPlatforms) = postSolution
		{0E0C58AB-00A3-3B90-0FDA-57717277FA9A}.Debug|Any CPU.ActiveCfg = Debug|Any CPU
		{0E0C58AB-00A3-3B90-0FDA-57717277FA9A}.Debug|Any CPU.Build.0 = Debug|Any CPU
		{0E0C58AB-00A3-3B90-0FDA-57717277FA9A}.Release|Any CPU.ActiveCfg = Release|Any CPU
		{0E0C58AB-00A3-3B90-0FDA-57717277FA9A}.Release|Any CPU.Build.0 = Release|Any CPU
		{717AF832-F385-5662-E9E7-0CDEAB0BACDB}.Debug|Any CPU.ActiveCfg = Debug|Any CPU
		{717AF832-F385-5662-E9E7-0CDEAB0BACDB}.Debug|Any CPU.Build.0 = Debug|Any CPU
		{717AF832-F385-5662-E9E7-0CDEAB0BACDB}.Release|Any CPU.ActiveCfg = Release|Any CPU
		{717AF832-F385-5662-E9E7-0CDEAB0BACDB}.Release|Any CPU.Build.0 = Release|Any CPU
		{1EB1332B-2FFB-44C4-4E82-955C4B9CC24C}.Debug|Any CPU.ActiveCfg = Debug|Any CPU
		{1EB1332B-2FFB-44C4-4E82-955C4B9CC24C}.Debug|Any CPU.Build.0 = Debug|Any CPU
		{1EB1332B-2FFB-44C4-4E82-955C4B9CC24C}.Release|Any CPU.ActiveCfg = Release|Any CPU
		{1EB1332B-2FFB-44C4-4E82-955C4B9CC24C}.Release|Any CPU.Build.0 = Release|Any CPU
	EndGlobalSection
	GlobalSection(SolutionProperties) = preSolution
		HideSolutionNode = FALSE
	EndGlobalSection
EndGlobal
